
Microsoft Visual Studio Solution File, Format Version 12.00
# Visual Studio 14
VisualStudioVersion = 14.0.24720.0
MinimumVisualStudioVersion = 10.0.40219.1
Project("{FAE04EC0-301F-11D3-BF4B-00C04F79EFBC}") = "ProyectoLibro", "ProyectoLibro\ProyectoLibro.csproj", "{6C38C1D7-AE4C-4556-8BA4-7FDD78D3259A}"
EndProject
Project("{FAE04EC0-301F-11D3-BF4B-00C04F79EFBC}") = "ClasesBiblioteca", "ClasesBiblioteca\ClasesBiblioteca.csproj", "{2B3C1843-8CE7-4459-9590-6D738549B80C}"
EndProject
Global
	GlobalSection(SolutionConfigurationPlatforms) = preSolution
		Debug|Any CPU = Debug|Any CPU
		Release|Any CPU = Release|Any CPU
	EndGlobalSection
	GlobalSection(ProjectConfigurationPlatforms) = postSolution
		{6C38C1D7-AE4C-4556-8BA4-7FDD78D3259A}.Debug|Any CPU.ActiveCfg = Debug|Any CPU
		{6C38C1D7-AE4C-4556-8BA4-7FDD78D3259A}.Debug|Any CPU.Build.0 = Debug|Any CPU
		{6C38C1D7-AE4C-4556-8BA4-7FDD78D3259A}.Release|Any CPU.ActiveCfg = Release|Any CPU
		{6C38C1D7-AE4C-4556-8BA4-7FDD78D3259A}.Release|Any CPU.Build.0 = Release|Any CPU
		{2B3C1843-8CE7-4459-9590-6D738549B80C}.Debug|Any CPU.ActiveCfg = Debug|Any CPU
		{2B3C1843-8CE7-4459-9590-6D738549B80C}.Debug|Any CPU.Build.0 = Debug|Any CPU
		{2B3C1843-8CE7-4459-9590-6D738549B80C}.Release|Any CPU.ActiveCfg = Release|Any CPU
		{2B3C1843-8CE7-4459-9590-6D738549B80C}.Release|Any CPU.Build.0 = Release|Any CPU
	EndGlobalSection
	GlobalSection(SolutionProperties) = preSolution
		HideSolutionNode = FALSE
	EndGlobalSection
	GlobalSection(ExtensibilityGlobals) = postSolution
		SolutionGuid = {149CA153-940A-429B-A163-B287819C4F70}
	EndGlobalSection
EndGlobal
