
Microsoft Visual Studio Solution File, Format Version 12.00
# Visual Studio 15
VisualStudioVersion = 15.0.28307.779
MinimumVisualStudioVersion = 10.0.40219.1
Project("{9A19103F-16F7-4668-BE54-9A1E7A4F7556}") = "ClasesBiblioteca", "Libro\ClasesBiblioteca.csproj", "{29FDEE64-5402-45F2-A3EF-E4EF21478540}"
EndProject
Project("{FAE04EC0-301F-11D3-BF4B-00C04F79EFBC}") = "ProyectoLibro", "ProyectoLibro\ProyectoLibro.csproj", "{6C38C1D7-AE4C-4556-8BA4-7FDD78D3259A}"
EndProject
Global
	GlobalSection(SolutionConfigurationPlatforms) = preSolution
		Debug|Any CPU = Debug|Any CPU
		Release|Any CPU = Release|Any CPU
	EndGlobalSection
	GlobalSection(ProjectConfigurationPlatforms) = postSolution
		{29FDEE64-5402-45F2-A3EF-E4EF21478540}.Debug|Any CPU.ActiveCfg = Debug|Any CPU
		{29FDEE64-5402-45F2-A3EF-E4EF21478540}.Debug|Any CPU.Build.0 = Debug|Any CPU
		{29FDEE64-5402-45F2-A3EF-E4EF21478540}.Release|Any CPU.ActiveCfg = Release|Any CPU
		{29FDEE64-5402-45F2-A3EF-E4EF21478540}.Release|Any CPU.Build.0 = Release|Any CPU
		{6C38C1D7-AE4C-4556-8BA4-7FDD78D3259A}.Debug|Any CPU.ActiveCfg = Debug|Any CPU
		{6C38C1D7-AE4C-4556-8BA4-7FDD78D3259A}.Debug|Any CPU.Build.0 = Debug|Any CPU
		{6C38C1D7-AE4C-4556-8BA4-7FDD78D3259A}.Release|Any CPU.ActiveCfg = Release|Any CPU
		{6C38C1D7-AE4C-4556-8BA4-7FDD78D3259A}.Release|Any CPU.Build.0 = Release|Any CPU
	EndGlobalSection
	GlobalSection(SolutionProperties) = preSolution
		HideSolutionNode = FALSE
	EndGlobalSection
	GlobalSection(ExtensibilityGlobals) = postSolution
		SolutionGuid = {149CA153-940A-429B-A163-B287819C4F70}
	EndGlobalSection
EndGlobal
